# This file is automatically @generated by Cargo.
# It is not intended for manual editing.
version = 3

[[package]]
name = "ffone"
version = "0.1.0"
dependencies = [
 "ffone_core",
]

[[package]]
name = "ffone_core"
version = "0.1.0"
dependencies = [
 "mueue",
]

[[package]]
name = "mueue"
version = "0.1.2"
source = "registry+https://github.com/rust-lang/crates.io-index"
checksum = "270b418b9c043db9dedd9403200dd963f629e7a33ad6957837ecfd6a2fbb6978"
